
Microsoft Visual Studio Solution File, Format Version 12.00
# Visual Studio Version 16
VisualStudioVersion = 16.0.31829.152
MinimumVisualStudioVersion = 10.0.40219.1
Project("{FAE04EC0-301F-11D3-BF4B-00C04F79EFBC}") = "Practice_13G", "Practice_13G\Practice_13G.csproj", "{55E6019A-2C98-4F57-BBB8-C34ED59632DB}"
EndProject
Project("{FAE04EC0-301F-11D3-BF4B-00C04F79EFBC}") = "LibMatrix", "LibMatrix\LibMatrix.csproj", "{3BF61B61-42D9-4326-BC84-387F43E86AA4}"
EndProject
Global
	GlobalSection(SolutionConfigurationPlatforms) = preSolution
		Debug|Any CPU = Debug|Any CPU
		Release|Any CPU = Release|Any CPU
	EndGlobalSection
	GlobalSection(ProjectConfigurationPlatforms) = postSolution
		{55E6019A-2C98-4F57-BBB8-C34ED59632DB}.Debug|Any CPU.ActiveCfg = Debug|Any CPU
		{55E6019A-2C98-4F57-BBB8-C34ED59632DB}.Debug|Any CPU.Build.0 = Debug|Any CPU
		{55E6019A-2C98-4F57-BBB8-C34ED59632DB}.Release|Any CPU.ActiveCfg = Release|Any CPU
		{55E6019A-2C98-4F57-BBB8-C34ED59632DB}.Release|Any CPU.Build.0 = Release|Any CPU
		{3BF61B61-42D9-4326-BC84-387F43E86AA4}.Debug|Any CPU.ActiveCfg = Debug|Any CPU
		{3BF61B61-42D9-4326-BC84-387F43E86AA4}.Debug|Any CPU.Build.0 = Debug|Any CPU
		{3BF61B61-42D9-4326-BC84-387F43E86AA4}.Release|Any CPU.ActiveCfg = Release|Any CPU
		{3BF61B61-42D9-4326-BC84-387F43E86AA4}.Release|Any CPU.Build.0 = Release|Any CPU
	EndGlobalSection
	GlobalSection(SolutionProperties) = preSolution
		HideSolutionNode = FALSE
	EndGlobalSection
	GlobalSection(ExtensibilityGlobals) = postSolution
		SolutionGuid = {3B159D7A-4CAE-44BA-B343-E881D8D97042}
	EndGlobalSection
EndGlobal
